
Microsoft Visual Studio Solution File, Format Version 12.00
# Visual Studio Version 17
VisualStudioVersion = 17.9.34622.214
MinimumVisualStudioVersion = 10.0.40219.1
Project("{FAE04EC0-301F-11D3-BF4B-00C04F79EFBC}") = "SignInAndSignUp", "SignInAndSignUp.csproj", "{594765EF-2D7E-45B4-AA92-9EB04FB0B4B4}"
EndProject
Global
	GlobalSection(SolutionConfigurationPlatforms) = preSolution
		Debug|Any CPU = Debug|Any CPU
		Release|Any CPU = Release|Any CPU
	EndGlobalSection
	GlobalSection(ProjectConfigurationPlatforms) = postSolution
		{594765EF-2D7E-45B4-AA92-9EB04FB0B4B4}.Debug|Any CPU.ActiveCfg = Debug|Any CPU
		{594765EF-2D7E-45B4-AA92-9EB04FB0B4B4}.Debug|Any CPU.Build.0 = Debug|Any CPU
		{594765EF-2D7E-45B4-AA92-9EB04FB0B4B4}.Release|Any CPU.ActiveCfg = Release|Any CPU
		{594765EF-2D7E-45B4-AA92-9EB04FB0B4B4}.Release|Any CPU.Build.0 = Release|Any CPU
	EndGlobalSection
	GlobalSection(SolutionProperties) = preSolution
		HideSolutionNode = FALSE
	EndGlobalSection
	GlobalSection(ExtensibilityGlobals) = postSolution
		SolutionGuid = {5036D4CA-562B-49BD-B229-F40434B76737}
	EndGlobalSection
EndGlobal
